github.com/informatik-mannheim/cmg-ss2025/services/consumer-gateway v0.0.0-20250522210037-8b895e805d0f h1:mcfir3zaoZ/8S1/Zifz5yYarik46vimaDmksQNtVxbI=
github.com/informatik-mannheim/cmg-ss2025/services/consumer-gateway v0.0.0-20250522210037-8b895e805d0f/go.mod h1:N/Meip12P/Iab1x+6DDau/1SxfkNmj5k2N2aRWrvNmM=
