github.com/informatik-mannheim/cmg-ss2025/services/consumer-gateway v0.0.0-20250531233537-1bb45e9dcbf7 h1:OvysCy2aJLUHxicwoV6f508VraGvTRhu02t03clC2FA=
github.com/informatik-mannheim/cmg-ss2025/services/consumer-gateway v0.0.0-20250531233537-1bb45e9dcbf7/go.mod h1:N/Meip12P/Iab1x+6DDau/1SxfkNmj5k2N2aRWrvNmM=
